
Microsoft Visual Studio Solution File, Format Version 12.00
# Visual Studio Version 16
VisualStudioVersion = 16.0.31624.102
MinimumVisualStudioVersion = 10.0.40219.1
Project("{FAE04EC0-301F-11D3-BF4B-00C04F79EFBC}") = "DoAnLapTrinh", "DoAnLapTrinh\DoAnLapTrinh.csproj", "{44C9EA57-E844-4CA0-8869-1500FD026EA7}"
EndProject
Project("{54435603-DBB4-11D2-8724-00A0C9A8B90C}") = "Setup1", "Setup1\Setup1.vdproj", "{C9716532-AA0B-423F-8318-3D03E3FAF4FC}"
EndProject
Global
	GlobalSection(SolutionConfigurationPlatforms) = preSolution
		Debug|Any CPU = Debug|Any CPU
		Release|Any CPU = Release|Any CPU
	EndGlobalSection
	GlobalSection(ProjectConfigurationPlatforms) = postSolution
		{44C9EA57-E844-4CA0-8869-1500FD026EA7}.Debug|Any CPU.ActiveCfg = Debug|Any CPU
		{44C9EA57-E844-4CA0-8869-1500FD026EA7}.Debug|Any CPU.Build.0 = Debug|Any CPU
		{44C9EA57-E844-4CA0-8869-1500FD026EA7}.Release|Any CPU.ActiveCfg = Release|Any CPU
		{44C9EA57-E844-4CA0-8869-1500FD026EA7}.Release|Any CPU.Build.0 = Release|Any CPU
		{C9716532-AA0B-423F-8318-3D03E3FAF4FC}.Debug|Any CPU.ActiveCfg = Debug
		{C9716532-AA0B-423F-8318-3D03E3FAF4FC}.Release|Any CPU.ActiveCfg = Release
	EndGlobalSection
	GlobalSection(SolutionProperties) = preSolution
		HideSolutionNode = FALSE
	EndGlobalSection
	GlobalSection(ExtensibilityGlobals) = postSolution
		SolutionGuid = {1E6139D2-2510-48BC-BCB1-EF18A1C2AA29}
	EndGlobalSection
EndGlobal
